
Microsoft Visual Studio Solution File, Format Version 12.00
# Visual Studio Version 16
VisualStudioVersion = 16.0.31321.278
MinimumVisualStudioVersion = 10.0.40219.1
Project("{FAE04EC0-301F-11D3-BF4B-00C04F79EFBC}") = "PrakGeneric", "PrakGeneric\PrakGeneric.csproj", "{E1090CF6-E791-47CC-9EC7-697DD6864E0C}"
EndProject
Global
	GlobalSection(SolutionConfigurationPlatforms) = preSolution
		Debug|Any CPU = Debug|Any CPU
		Release|Any CPU = Release|Any CPU
	EndGlobalSection
	GlobalSection(ProjectConfigurationPlatforms) = postSolution
		{E1090CF6-E791-47CC-9EC7-697DD6864E0C}.Debug|Any CPU.ActiveCfg = Debug|Any CPU
		{E1090CF6-E791-47CC-9EC7-697DD6864E0C}.Debug|Any CPU.Build.0 = Debug|Any CPU
		{E1090CF6-E791-47CC-9EC7-697DD6864E0C}.Release|Any CPU.ActiveCfg = Release|Any CPU
		{E1090CF6-E791-47CC-9EC7-697DD6864E0C}.Release|Any CPU.Build.0 = Release|Any CPU
	EndGlobalSection
	GlobalSection(SolutionProperties) = preSolution
		HideSolutionNode = FALSE
	EndGlobalSection
	GlobalSection(ExtensibilityGlobals) = postSolution
		SolutionGuid = {9D5BC047-6191-478E-8F7F-A4C0730B2889}
	EndGlobalSection
EndGlobal
